github.com/gorilla/websocket v1.5.3 h1:saDtZ6Pbx/0u+bgYQ3q96pZgCzfhKXGPqt7kZ72aNNg=
github.com/gorilla/websocket v1.5.3/go.mod h1:YR8l580nyteQvAITg2hZ9XVh4b55+EU/adAjf1fMHhE=
github.com/timmo001/letmeknow-types-go v1.1.0 h1:f3mTuFDeSdU7rX1SZzuObd4GEW5jBzwpAyyzK2noGsw=
github.com/timmo001/letmeknow-types-go v1.1.0/go.mod h1:TXPR99alYhXKdGGUxfSwa4sSNsXGqH+Aa0o+VHSRhm8=
